
Microsoft Visual Studio Solution File, Format Version 12.00
# Visual Studio Version 17
VisualStudioVersion = 17.11.35303.130
MinimumVisualStudioVersion = 10.0.40219.1
Project("{FAE04EC0-301F-11D3-BF4B-00C04F79EFBC}") = "API", "SistemaMultas\API.csproj", "{19688FEC-6740-41A1-A7C6-E9285E156C1A}"
EndProject
Project("{FAE04EC0-301F-11D3-BF4B-00C04F79EFBC}") = "DTO", "DTO\DTO.csproj", "{C0F90445-C2AE-4156-A678-78AFC34E515A}"
EndProject
Project("{FAE04EC0-301F-11D3-BF4B-00C04F79EFBC}") = "DataAccess", "DataAccess\DataAccess.csproj", "{C2923D1A-C2D2-424A-BA03-CF79D365E697}"
EndProject
Project("{FAE04EC0-301F-11D3-BF4B-00C04F79EFBC}") = "BusinessLogic", "BusinessLogic\BusinessLogic.csproj", "{713A7876-446B-4AF1-A985-EA7340FF1C7B}"
EndProject
Project("{54A90642-561A-4BB1-A94E-469ADEE60C69}") = "frontend", "frontend\frontend.esproj", "{E6B31D75-372A-4AC4-9163-759B3BD75B99}"
EndProject
Global
	GlobalSection(SolutionConfigurationPlatforms) = preSolution
		Debug|Any CPU = Debug|Any CPU
		Release|Any CPU = Release|Any CPU
	EndGlobalSection
	GlobalSection(ProjectConfigurationPlatforms) = postSolution
		{19688FEC-6740-41A1-A7C6-E9285E156C1A}.Debug|Any CPU.ActiveCfg = Debug|Any CPU
		{19688FEC-6740-41A1-A7C6-E9285E156C1A}.Debug|Any CPU.Build.0 = Debug|Any CPU
		{19688FEC-6740-41A1-A7C6-E9285E156C1A}.Release|Any CPU.ActiveCfg = Release|Any CPU
		{19688FEC-6740-41A1-A7C6-E9285E156C1A}.Release|Any CPU.Build.0 = Release|Any CPU
		{C0F90445-C2AE-4156-A678-78AFC34E515A}.Debug|Any CPU.ActiveCfg = Debug|Any CPU
		{C0F90445-C2AE-4156-A678-78AFC34E515A}.Debug|Any CPU.Build.0 = Debug|Any CPU
		{C0F90445-C2AE-4156-A678-78AFC34E515A}.Release|Any CPU.ActiveCfg = Release|Any CPU
		{C0F90445-C2AE-4156-A678-78AFC34E515A}.Release|Any CPU.Build.0 = Release|Any CPU
		{C2923D1A-C2D2-424A-BA03-CF79D365E697}.Debug|Any CPU.ActiveCfg = Debug|Any CPU
		{C2923D1A-C2D2-424A-BA03-CF79D365E697}.Debug|Any CPU.Build.0 = Debug|Any CPU
		{C2923D1A-C2D2-424A-BA03-CF79D365E697}.Release|Any CPU.ActiveCfg = Release|Any CPU
		{C2923D1A-C2D2-424A-BA03-CF79D365E697}.Release|Any CPU.Build.0 = Release|Any CPU
		{713A7876-446B-4AF1-A985-EA7340FF1C7B}.Debug|Any CPU.ActiveCfg = Debug|Any CPU
		{713A7876-446B-4AF1-A985-EA7340FF1C7B}.Debug|Any CPU.Build.0 = Debug|Any CPU
		{713A7876-446B-4AF1-A985-EA7340FF1C7B}.Release|Any CPU.ActiveCfg = Release|Any CPU
		{713A7876-446B-4AF1-A985-EA7340FF1C7B}.Release|Any CPU.Build.0 = Release|Any CPU
		{E6B31D75-372A-4AC4-9163-759B3BD75B99}.Debug|Any CPU.ActiveCfg = Debug|Any CPU
		{E6B31D75-372A-4AC4-9163-759B3BD75B99}.Debug|Any CPU.Build.0 = Debug|Any CPU
		{E6B31D75-372A-4AC4-9163-759B3BD75B99}.Debug|Any CPU.Deploy.0 = Debug|Any CPU
		{E6B31D75-372A-4AC4-9163-759B3BD75B99}.Release|Any CPU.ActiveCfg = Release|Any CPU
		{E6B31D75-372A-4AC4-9163-759B3BD75B99}.Release|Any CPU.Build.0 = Release|Any CPU
		{E6B31D75-372A-4AC4-9163-759B3BD75B99}.Release|Any CPU.Deploy.0 = Release|Any CPU
	EndGlobalSection
	GlobalSection(SolutionProperties) = preSolution
		HideSolutionNode = FALSE
	EndGlobalSection
	GlobalSection(ExtensibilityGlobals) = postSolution
		SolutionGuid = {70F20E8F-2B80-4B4C-92E1-20B39FC1355F}
	EndGlobalSection
EndGlobal
